github.com/gethugothemes/hugo-modules/accordion v0.0.0-20231227015948-b2308653c9e2 h1:GvGqoYUc0uMhp8STMG+BokIQJ/2EqMYPZmr+bDpTZWo=
github.com/gethugothemes/hugo-modules/accordion v0.0.0-20231227015948-b2308653c9e2/go.mod h1:D4DpauKPDcUHI9CVKYmJeO6bkSJIhUN864TyXZ2o0VI=
github.com/gethugothemes/hugo-modules/adsense v0.0.0-20231227015948-b2308653c9e2 h1:8ebfUFlYwMHEuXophmjXo8HnGxfMVV0/PEI3Lgy07Yk=
github.com/gethugothemes/hugo-modules/adsense v0.0.0-20231227015948-b2308653c9e2/go.mod h1:8p/gG/cyyu20z4q5cFN/JGE5TOFA55Xsp+aIP9KCsqo=
github.com/gethugothemes/hugo-modules/components/cookie-consent v0.0.0-20231227015948-b2308653c9e2 h1:fCQUrxfpLIiIkWE7aiwIisPgdcZO0s/wKsb6i92D+kg=
github.com/gethugothemes/hugo-modules/components/cookie-consent v0.0.0-20231227015948-b2308653c9e2/go.mod h1:511ERLpGe3ZTfV2z/NAtUSR5NqKF26h9z5lU/zYV4YQ=
github.com/gethugothemes/hugo-modules/components/custom-script v0.0.0-20231227015948-b2308653c9e2 h1:b01t2NlNlqqKZMBY+k4cx5M1SrVA7Q85uUWYLAXqzrI=
github.com/gethugothemes/hugo-modules/components/custom-script v0.0.0-20231227015948-b2308653c9e2/go.mod h1:RuDHq4WnK8sNEzAIJr4BZQ7oXhzcct/EKaAxc2Xvi9E=
github.com/gethugothemes/hugo-modules/components/preloader v0.0.0-20231227015948-b2308653c9e2 h1:m7wB6FRMMhvPSgESwve1ayNl1QVktWijgLyqG6lIecU=
github.com/gethugothemes/hugo-modules/components/preloader v0.0.0-20231227015948-b2308653c9e2/go.mod h1:FP0iQ3tMOesuWFZhLst2KEvUEYPb5Jk1GW+QBP9lrwg=
github.com/gethugothemes/hugo-modules/components/render-link v0.0.0-20231227015948-b2308653c9e2 h1:BryUBWB5xH90MdSm/zPDPGgLeAuW7oelAKuPp4EXtyg=
github.com/gethugothemes/hugo-modules/components/render-link v0.0.0-20231227015948-b2308653c9e2/go.mod h1:z3YcIeEBUonAoRDY1/Jv1ojNVkZ5ud35a0Nn8L4Inx0=
github.com/gethugothemes/hugo-modules/components/social-share v0.0.0-20231227015948-b2308653c9e2 h1:/8GQ6gxOgsDt7vnpkeYKS4SVYMGGfqJ+Fh0IOUD6T3c=
github.com/gethugothemes/hugo-modules/components/social-share v0.0.0-20231227015948-b2308653c9e2/go.mod h1:Gcj4RM/EBECsJMZnPeWjfy/1roRYGqzV9GYNmeHkvFA=
github.com/gethugothemes/hugo-modules/gallery-slider v0.0.0-20231227015948-b2308653c9e2 h1:em7NxGwxqglWcXkrPI2GjhGB6X4bio7wkxCcnvRdZOY=
github.com/gethugothemes/hugo-modules/gallery-slider v0.0.0-20231227015948-b2308653c9e2/go.mod h1:MvQ2js/ofZ22CTX5wuvE+dC0rMe6C5HAWL2fEOu/yzE=
github.com/gethugothemes/hugo-modules/gzip-caching v0.0.0-20231227015948-b2308653c9e2 h1:czb4UFCg2ppYKjVUINAlnFwjNR5/ojD/N7lp/XrYVpU=
github.com/gethugothemes/hugo-modules/gzip-caching v0.0.0-20231227015948-b2308653c9e2/go.mod h1:0ZMjTZVG4XLZU2/icc8Saqo4mmgMpfRTrUZU2Aa2Pwg=
github.com/gethugothemes/hugo-modules/icons/font-awesome v0.0.0-20231227015948-b2308653c9e2 h1:SpdLLguYCj5MaTcNlMCXsGBVb7ioPBC4AJY8Fx52Dlk=
github.com/gethugothemes/hugo-modules/icons/font-awesome v0.0.0-20231227015948-b2308653c9e2/go.mod h1:d3gy1vQyfasPmGpau7HpQLrXbOv23PfXclSnjyOBxeU=
github.com/gethugothemes/hugo-modules/images v0.0.0-20231227015948-b2308653c9e2 h1:yim3pNrluxZqg9prSFX417FM0YZ7q+AgXlOSiqzrdQU=
github.com/gethugothemes/hugo-modules/images v0.0.0-20231227015948-b2308653c9e2/go.mod h1:FKliP3qOW9diIcQeLtyZ0Hdhg3PL8bdAkC/6O+XtU90=
github.com/gethugothemes/hugo-modules/modal v0.0.0-20231227015948-b2308653c9e2 h1:Nxf+S4B5aMzSXubfUVBr6jaoFTrkEE58NADDIgCyOHs=
github.com/gethugothemes/hugo-modules/modal v0.0.0-20231227015948-b2308653c9e2/go.mod h1:Eb9v7oV6biymfvjcBhQdvgn0gUGYhUtfCMeOBLFpFsk=
github.com/gethugothemes/hugo-modules/pwa v0.0.0-20231227015948-b2308653c9e2 h1:UCNo283tnEZJev2XLj+UvThRPH6P6j2YBe3YHwh6FWc=
github.com/gethugothemes/hugo-modules/pwa v0.0.0-20231227015948-b2308653c9e2/go.mod h1:TRv7iszdfo37O1PbBEE+S8X/enAdpRIxK5DGrp13Qbo=
github.com/gethugothemes/hugo-modules/search v0.0.0-20231227015948-b2308653c9e2 h1:N/kTYg6k9miMfYI6dikuwJQeD1Ou7XkcZdjYTpPT//A=
github.com/gethugothemes/hugo-modules/search v0.0.0-20231227015948-b2308653c9e2/go.mod h1:tmDvLaZCM+QDvS/WLZXNjY1QTdWh7/68D2wIToECbyA=
github.com/gethugothemes/hugo-modules/seo-tools/basic-seo v0.0.0-20231227015948-b2308653c9e2 h1:PE2N7WmMZi0VLVaWdabcgqjXPXsKZDE2CLT22oYMtcM=
github.com/gethugothemes/hugo-modules/seo-tools/basic-seo v0.0.0-20231227015948-b2308653c9e2/go.mod h1:Q8dPgjamV7pxwKSQyWV21Xwh5CGi23/k+M8HPTphYbs=
github.com/gethugothemes/hugo-modules/seo-tools/google-tag-manager v0.0.0-20231227015948-b2308653c9e2 h1:Nz2gn9jKrIn3YxbleFFkJ6oAysA83pUWb67eMRz5TE8=
github.com/gethugothemes/hugo-modules/seo-tools/google-tag-manager v0.0.0-20231227015948-b2308653c9e2/go.mod h1:cCq50yd55eFTrpqOfeyOK5X0hU5E7qxsqOD7IzTsgLA=
github.com/gethugothemes/hugo-modules/seo-tools/site-verifications v0.0.0-20231227015948-b2308653c9e2 h1:7golD/QQmlPRdWp7ONWlPf7i92AFmw8Pk49G3YoJ6ow=
github.com/gethugothemes/hugo-modules/seo-tools/site-verifications v0.0.0-20231227015948-b2308653c9e2/go.mod h1:iXielaya126qJscz7Bc2G2WB91moloQOoWru6UoBUyE=
github.com/gethugothemes/hugo-modules/shortcodes/button v0.0.0-20231227015948-b2308653c9e2 h1:hdgeEes6Q4rmBHVfjvp4l+nj/kwmqE0E7fQm0ElrJNE=
github.com/gethugothemes/hugo-modules/shortcodes/button v0.0.0-20231227015948-b2308653c9e2/go.mod h1:MSvxGvjvcGUKTs6YMATU/9kYFrzW+VSVdy4CCOQLdsY=
github.com/gethugothemes/hugo-modules/shortcodes/notice v0.0.0-20231227015948-b2308653c9e2 h1:MMKnx4afhDDMv4bLQPlbMEvUD6GcBgDHuyF6J++mA94=
github.com/gethugothemes/hugo-modules/shortcodes/notice v0.0.0-20231227015948-b2308653c9e2/go.mod h1:ljWyMJx82WA+6SlKjbGFhEdxcriyvUTCjXkJHDa4lho=
github.com/gethugothemes/hugo-modules/tab v0.0.0-20231227015948-b2308653c9e2 h1:dHZ0Rm3ARSDsHgr7llu6tgzol4J3aUkcvzJvT3EY8nE=
github.com/gethugothemes/hugo-modules/tab v0.0.0-20231227015948-b2308653c9e2/go.mod h1:h3UxlxrFoU19JldxWLPBKaTZFe3AJtABrqo1wfxr+Ng=
github.com/gethugothemes/hugo-modules/table-of-contents v0.0.0-20231227015948-b2308653c9e2 h1:GBD/SCVKa/RSMz88LzIlIJL4E3PO9ZUQUnpP1HQxHdo=
github.com/gethugothemes/hugo-modules/table-of-contents v0.0.0-20231227015948-b2308653c9e2/go.mod h1:bEDw4veccQQQYEdVrfu13ATRUWfW8ptDIjJZuhYh4Tw=
github.com/gethugothemes/hugo-modules/videos v0.0.0-20231227015948-b2308653c9e2 h1:idHWeworhJaUpIS6oG5aW9diGUhjZlCjmwsXbAMf/XA=
github.com/gethugothemes/hugo-modules/videos v0.0.0-20231227015948-b2308653c9e2/go.mod h1:P722lLWdnNhdZVq6gvMrOLqECUwrAYQWaOWlChta5H0=
github.com/zeon-studio/hugoplate v0.0.0-20240101043423-aa00fbb34355 h1:V3Vandt/Pvj6IIkV8VRTnknFLugt6bSoxRrCBg245mg=
github.com/zeon-studio/hugoplate v0.0.0-20240101043423-aa00fbb34355/go.mod h1:YlRIwdTWidquf1dhtx+mDfu0I3KVrVQB4wi4UmHlK3E=
